
Microsoft Visual Studio Solution File, Format Version 12.00
# Visual Studio Version 16
VisualStudioVersion = 16.0.30717.126
MinimumVisualStudioVersion = 10.0.40219.1
Project("{FAE04EC0-301F-11D3-BF4B-00C04F79EFBC}") = "FekyTask", "FekyTask\FekyTask.csproj", "{670C6578-FEE4-4C32-BE3D-BEDA7EF8836C}"
EndProject
Global
	GlobalSection(SolutionConfigurationPlatforms) = preSolution
		Debug|Any CPU = Debug|Any CPU
		Release|Any CPU = Release|Any CPU
	EndGlobalSection
	GlobalSection(ProjectConfigurationPlatforms) = postSolution
		{670C6578-FEE4-4C32-BE3D-BEDA7EF8836C}.Debug|Any CPU.ActiveCfg = Debug|Any CPU
		{670C6578-FEE4-4C32-BE3D-BEDA7EF8836C}.Debug|Any CPU.Build.0 = Debug|Any CPU
		{670C6578-FEE4-4C32-BE3D-BEDA7EF8836C}.Release|Any CPU.ActiveCfg = Release|Any CPU
		{670C6578-FEE4-4C32-BE3D-BEDA7EF8836C}.Release|Any CPU.Build.0 = Release|Any CPU
	EndGlobalSection
	GlobalSection(SolutionProperties) = preSolution
		HideSolutionNode = FALSE
	EndGlobalSection
	GlobalSection(ExtensibilityGlobals) = postSolution
		SolutionGuid = {CFDC0E39-5963-4F1C-833B-EA56AC4285B2}
	EndGlobalSection
EndGlobal
