
Microsoft Visual Studio Solution File, Format Version 12.00
# Visual Studio Version 16
VisualStudioVersion = 16.0.30611.23
MinimumVisualStudioVersion = 10.0.40219.1
Project("{FAE04EC0-301F-11D3-BF4B-00C04F79EFBC}") = "CourseSystem", "CourseSystem\CourseSystem.csproj", "{36FCC7BB-62B0-4CB5-9FA4-4B29FEDF334C}"
EndProject
Global
	GlobalSection(SolutionConfigurationPlatforms) = preSolution
		Debug|Any CPU = Debug|Any CPU
		Release|Any CPU = Release|Any CPU
	EndGlobalSection
	GlobalSection(ProjectConfigurationPlatforms) = postSolution
		{36FCC7BB-62B0-4CB5-9FA4-4B29FEDF334C}.Debug|Any CPU.ActiveCfg = Debug|Any CPU
		{36FCC7BB-62B0-4CB5-9FA4-4B29FEDF334C}.Debug|Any CPU.Build.0 = Debug|Any CPU
		{36FCC7BB-62B0-4CB5-9FA4-4B29FEDF334C}.Release|Any CPU.ActiveCfg = Release|Any CPU
		{36FCC7BB-62B0-4CB5-9FA4-4B29FEDF334C}.Release|Any CPU.Build.0 = Release|Any CPU
	EndGlobalSection
	GlobalSection(SolutionProperties) = preSolution
		HideSolutionNode = FALSE
	EndGlobalSection
	GlobalSection(ExtensibilityGlobals) = postSolution
		SolutionGuid = {D3DABBF8-609A-49B4-83A0-A964A90C01BA}
	EndGlobalSection
EndGlobal
